PODS:
  - swift-serialize (1.0.0)
  - SwiftSerialize (0.1.6):
    - swift-serialize (~> 1.0)

DEPENDENCIES:
  - SwiftSerialize (from `../`)

EXTERNAL SOURCES:
  SwiftSerialize:
    :path: ../

SPEC CHECKSUMS:
  swift-serialize: 6cc6ba441da336a218e5d5a85a81a58a877402de
  SwiftSerialize: 9d5011e1f7a972cb4dd8e2d4aff3c05c78e8924b

COCOAPODS: 0.39.0
